// !$*UTF8*$!
{
	archiveVersion = 1;
	classes = {
	};
	objectVersion = 55;
	objects = {

/* Begin PBXBuildFile section */
		FA46CA612F3B21620008BF18 /* TIC_TAC_TOEApp.swift in Sources */ = {isa = PBXBuildFile; fileRef = FA46CA602F3B21620008BF18 /* TIC_TAC_TOEApp.swift */; };
		FA46CA632F3B21620008BF18 /* ContentView.swift in Sources */ = {isa = PBXBuildFile; fileRef = FA46CA622F3B21620008BF18 /* ContentView.swift */; };
		FA46CA652F3B21660008BF18 /* Assets.xcassets in Resources */ = {isa = PBXBuildFile; fileRef = FA46CA642F3B21660008BF18 /* Assets.xcassets */; };
		FA46CA682F3B21660008BF18 /* Preview Assets.xcassets in Resources */ = {isa = PBXBuildFile; fileRef = FA46CA672F3B21660008BF18 /* Preview Assets.xcassets */; };
		FA8C91212F7A619300C6F6F7 /* SettingGameView.swift in Sources */ = {isa = PBXBuildFile; fileRef = FA8C91202F7A619300C6F6F7 /* SettingGameView.swift */; };
		FA8C9EAD2F4536A90043EEDA /* SelectGameView.swift in Sources */ = {isa = PBXBuildFile; fileRef = FA8C9EAC2F4536A90043EEDA /* SelectGameView.swift */; };
		FA933BA32F7FBCBC009A31FB /* PlayingFieldOne.swift in Sources */ = {isa = PBXBuildFile; fileRef = FA933BA22F7FBCBC009A31FB /* PlayingFieldOne.swift */; };
/* End PBXBuildFile section */

/* Begin PBXFileReference section */
		FA46CA5D2F3B21620008BF18 /* TIC-TAC-TOE.app */ = {isa = PBXFileReference; explicitFileType = wrapper.application; includeInIndex = 0; path = "TIC-TAC-TOE.app"; sourceTree = BUILT_PRODUCTS_DIR; };
		FA46CA602F3B21620008BF18 /* TIC_TAC_TOEApp.swift */ = {isa = PBXFileReference; lastKnownFileType = sourcecode.swift; path = TIC_TAC_TOEApp.swift; sourceTree = "<group>"; };
		FA46CA622F3B21620008BF18 /* ContentView.swift */ = {isa = PBXFileReference; lastKnownFileType = sourcecode.swift; path = ContentView.swift; sourceTree = "<group>"; };
		FA46CA642F3B21660008BF18 /* Assets.xcassets */ = {isa = PBXFileReference; lastKnownFileType = folder.assetcatalog; path = Assets.xcassets; sourceTree = "<group>"; };
		FA46CA672F3B21660008BF18 /* Preview Assets.xcassets */ = {isa = PBXFileReference; lastKnownFileType = folder.assetcatalog; path = "Preview Assets.xcassets"; sourceTree = "<group>"; };
		FA8C91202F7A619300C6F6F7 /* SettingGameView.swift */ = {isa = PBXFileReference; lastKnownFileType = sourcecode.swift; path = SettingGameView.swift; sourceTree = "<group>"; };
		FA8C9EAC2F4536A90043EEDA /* SelectGameView.swift */ = {isa = PBXFileReference; lastKnownFileType = sourcecode.swift; path = SelectGameView.swift; sourceTree = "<group>"; };
		FA933BA22F7FBCBC009A31FB /* PlayingFieldOne.swift */ = {isa = PBXFileReference; lastKnownFileType = sourcecode.swift; path = PlayingFieldOne.swift; sourceTree = "<group>"; };
/* End PBXFileReference section */

/* Begin PBXFrameworksBuildPhase section */
		FA46CA5A2F3B21620008BF18 /* Frameworks */ = {
			isa = PBXFrameworksBuildPhase;
			buildActionMask = 2147483647;
			files = (
			);
			runOnlyForDeploymentPostprocessing = 0;
		};
/* End PBXFrameworksBuildPhase section */

/* Begin PBXGroup section */
		FA46CA542F3B21620008BF18 = {
			isa = PBXGroup;
			children = (
				FA46CA5F2F3B21620008BF18 /* TIC-TAC-TOE */,
				FA46CA5E2F3B21620008BF18 /* Products */,
			);
			sourceTree = "<group>";
		};
		FA46CA5E2F3B21620008BF18 /* Products */ = {
			isa = PBXGroup;
			children = (
				FA46CA5D2F3B21620008BF18 /* TIC-TAC-TOE.app */,
			);
			name = Products;
			sourceTree = "<group>";
		};
		FA46CA5F2F3B21620008BF18 /* TIC-TAC-TOE */ = {
			isa = PBXGroup;
			children = (
				FA46CA602F3B21620008BF18 /* TIC_TAC_TOEApp.swift */,
				FA46CA622F3B21620008BF18 /* ContentView.swift */,
				FA8C9EAC2F4536A90043EEDA /* SelectGameView.swift */,
				FA8C91202F7A619300C6F6F7 /* SettingGameView.swift */,
				FA933BA22F7FBCBC009A31FB /* PlayingFieldOne.swift */,
				FA46CA642F3B21660008BF18 /* Assets.xcassets */,
				FA46CA662F3B21660008BF18 /* Preview Content */,
			);
			path = "TIC-TAC-TOE";
			sourceTree = "<group>";
		};
		FA46CA662F3B21660008BF18 /* Preview Content */ = {
			isa = PBXGroup;
			children = (
				FA46CA672F3B21660008BF18 /* Preview Assets.xcassets */,
			);
			path = "Preview Content";
			sourceTree = "<group>";
		};
/* End PBXGroup section */

/* Begin PBXNativeTarget section */
		FA46CA5C2F3B21620008BF18 /* TIC-TAC-TOE */ = {
			isa = PBXNativeTarget;
			buildConfigurationList = FA46CA6B2F3B21660008BF18 /* Build configuration list for PBXNativeTarget "TIC-TAC-TOE" */;
			buildPhases = (
				FA46CA592F3B21620008BF18 /* Sources */,
				FA46CA5A2F3B21620008BF18 /* Frameworks */,
				FA46CA5B2F3B21620008BF18 /* Resources */,
			);
			buildRules = (
			);
			dependencies = (
			);
			name = "TIC-TAC-TOE";
			productName = "TIC-TAC-TOE";
			productReference = FA46CA5D2F3B21620008BF18 /* TIC-TAC-TOE.app */;
			productType = "com.apple.product-type.application";
		};
/* End PBXNativeTarget section */

/* Begin PBXProject section */
		FA46CA552F3B21620008BF18 /* Project object */ = {
			isa = PBXProject;
			attributes = {
				BuildIndependentTargetsInParallel = 1;
				LastSwiftUpdateCheck = 1320;
				LastUpgradeCheck = 1320;
				TargetAttributes = {
					FA46CA5C2F3B21620008BF18 = {
						CreatedOnToolsVersion = 13.2.1;
					};
				};
			};
			buildConfigurationList = FA46CA582F3B21620008BF18 /* Build configuration list for PBXProject "TIC-TAC-TOE" */;
			compatibilityVersion = "Xcode 13.0";
			developmentRegion = en;
			hasScannedForEncodings = 0;
			knownRegions = (
				en,
				Base,
			);
			mainGroup = FA46CA542F3B21620008BF18;
			productRefGroup = FA46CA5E2F3B21620008BF18 /* Products */;
			projectDirPath = "";
			projectRoot = "";
			targets = (
				FA46CA5C2F3B21620008BF18 /* TIC-TAC-TOE */,
			);
		};
/* End PBXProject section */

/* Begin PBXResourcesBuildPhase section */
		FA46CA5B2F3B21620008BF18 /* Resources */ = {
			isa = PBXResourcesBuildPhase;
			buildActionMask = 2147483647;
			files = (
				FA46CA682F3B21660008BF18 /* Preview Assets.xcassets in Resources */,
				FA46CA652F3B21660008BF18 /* Assets.xcassets in Resources */,
			);
			runOnlyForDeploymentPostprocessing = 0;
		};
/* End PBXResourcesBuildPhase section */

/* Begin PBXSourcesBuildPhase section */
		FA46CA592F3B21620008BF18 /* Sources */ = {
			isa = PBXSourcesBuildPhase;
			buildActionMask = 2147483647;
			files = (
				FA8C9EAD2F4536A90043EEDA /* SelectGameView.swift in Sources */,
				FA46CA632F3B21620008BF18 /* ContentView.swift in Sources */,
				FA46CA612F3B21620008BF18 /* TIC_TAC_TOEApp.swift in Sources */,
				FA933BA32F7FBCBC009A31FB /* PlayingFieldOne.swift in Sources */,
				FA8C91212F7A619300C6F6F7 /* SettingGameView.swift in Sources */,
			);
			runOnlyForDeploymentPostprocessing = 0;
		};
/* End PBXSourcesBuildPhase section */

/* Begin XCBuildConfiguration section */
		FA46CA692F3B21660008BF18 /* Debug */ = {
			isa = XCBuildConfiguration;
			buildSettings = {
				ALWAYS_SEARCH_USER_PATHS = NO;
				CLANG_ANALYZER_NONNULL = YES;
				CLANG_ANALYZER_NUMBER_OBJECT_CONVERSION = YES_AGGRESSIVE;
				CLANG_CXX_LANGUAGE_STANDARD = "gnu++17";
				CLANG_CXX_LIBRARY = "libc++";
				CLANG_ENABLE_MODULES = YES;
				CLANG_ENABLE_OBJC_ARC = YES;
				CLANG_ENABLE_OBJC_WEAK = YES;
				CLANG_WARN_BLOCK_CAPTURE_AUTORELEASING = YES;
				CLANG_WARN_BOOL_CONVERSION = YES;
				CLANG_WARN_COMMA = YES;
				CLANG_WARN_CONSTANT_CONVERSION = YES;
				CLANG_WARN_DEPRECATED_OBJC_IMPLEMENTATIONS = YES;
				CLANG_WARN_DIRECT_OBJC_ISA_USAGE = YES_ERROR;
				CLANG_WARN_DOCUMENTATION_COMMENTS = YES;
				CLANG_WARN_EMPTY_BODY = YES;
				CLANG_WARN_ENUM_CONVERSION = YES;
				CLANG_WARN_INFINITE_RECURSION = YES;
				CLANG_WARN_INT_CONVERSION = YES;
				CLANG_WARN_NON_LITERAL_NULL_CONVERSION = YES;
				CLANG_WARN_OBJC_IMPLICIT_RETAIN_SELF = YES;
				CLANG_WARN_OBJC_LITERAL_CONVERSION = YES;
				CLANG_WARN_OBJC_ROOT_CLASS = YES_ERROR;
				CLANG_WARN_QUOTED_INCLUDE_IN_FRAMEWORK_HEADER = YES;
				CLANG_WARN_RANGE_LOOP_ANALYSIS = YES;
				CLANG_WARN_STRICT_PROTOTYPES = YES;
				CLANG_WARN_SUSPICIOUS_MOVE = YES;
				CLANG_WARN_UNGUARDED_AVAILABILITY = YES_AGGRESSIVE;
				CLANG_WARN_UNREACHABLE_CODE = YES;
				CLANG_WARN__DUPLICATE_METHOD_MATCH = YES;
				COPY_PHASE_STRIP = NO;
				DEBUG_INFORMATION_FORMAT = dwarf;
				ENABLE_STRICT_OBJC_MSGSEND = YES;
				ENABLE_TESTABILITY = YES;
				GCC_C_LANGUAGE_STANDARD = gnu11;
				GCC_DYNAMIC_NO_PIC = NO;
				GCC_NO_COMMON_BLOCKS = YES;
				GCC_OPTIMIZATION_LEVEL = 0;
				GCC_PREPROCESSOR_DEFINITIONS = (
					"DEBUG=1",
					"$(inherited)",
				);
				GCC_WARN_64_TO_32_BIT_CONVERSION = YES;
				GCC_WARN_ABOUT_RETURN_TYPE = YES_ERROR;
				GCC_WARN_UNDECLARED_SELECTOR = YES;
				GCC_WARN_UNINITIALIZED_AUTOS = YES_AGGRESSIVE;
				GCC_WARN_UNUSED_FUNCTION = YES;
				GCC_WARN_UNUSED_VARIABLE = YES;
				IPHONEOS_DEPLOYMENT_TARGET = 15.2;
				MTL_ENABLE_DEBUG_INFO = INCLUDE_SOURCE;
				MTL_FAST_MATH = YES;
				ONLY_ACTIVE_ARCH = YES;
				SDKROOT = iphoneos;
				SWIFT_ACTIVE_COMPILATION_CONDITIONS = DEBUG;
				SWIFT_OPTIMIZATION_LEVEL = "-Onone";
			};
			name = Debug;
		};
		FA46CA6A2F3B21660008BF18 /* Release */ = {
			isa = XCBuildConfiguration;
			buildSettings = {
				ALWAYS_SEARCH_USER_PATHS = NO;
				CLANG_ANALYZER_NONNULL = YES;
				CLANG_ANALYZER_NUMBER_OBJECT_CONVERSION = YES_AGGRESSIVE;
				CLANG_CXX_LANGUAGE_STANDARD = "gnu++17";
				CLANG_CXX_LIBRARY = "libc++";
				CLANG_ENABLE_MODULES = YES;
				CLANG_ENABLE_OBJC_ARC = YES;
				CLANG_ENABLE_OBJC_WEAK = YES;
				CLANG_WARN_BLOCK_CAPTURE_AUTORELEASING = YES;
				CLANG_WARN_BOOL_CONVERSION = YES;
				CLANG_WARN_COMMA = YES;
				CLANG_WARN_CONSTANT_CONVERSION = YES;
				CLANG_WARN_DEPRECATED_OBJC_IMPLEMENTATIONS = YES;
				CLANG_WARN_DIRECT_OBJC_ISA_USAGE = YES_ERROR;
				CLANG_WARN_DOCUMENTATION_COMMENTS = YES;
				CLANG_WARN_EMPTY_BODY = YES;
				CLANG_WARN_ENUM_CONVERSION = YES;
				CLANG_WARN_INFINITE_RECURSION = YES;
				CLANG_WARN_INT_CONVERSION = YES;
				CLANG_WARN_NON_LITERAL_NULL_CONVERSION = YES;
				CLANG_WARN_OBJC_IMPLICIT_RETAIN_SELF = YES;
				CLANG_WARN_OBJC_LITERAL_CONVERSION = YES;
				CLANG_WARN_OBJC_ROOT_CLASS = YES_ERROR;
				CLANG_WARN_QUOTED_INCLUDE_IN_FRAMEWORK_HEADER = YES;
				CLANG_WARN_RANGE_LOOP_ANALYSIS = YES;
				CLANG_WARN_STRICT_PROTOTYPES = YES;
				CLANG_WARN_SUSPICIOUS_MOVE = YES;
				CLANG_WARN_UNGUARDED_AVAILABILITY = YES_AGGRESSIVE;
				CLANG_WARN_UNREACHABLE_CODE = YES;
				CLANG_WARN__DUPLICATE_METHOD_MATCH = YES;
				COPY_PHASE_STRIP = NO;
				DEBUG_INFORMATION_FORMAT = "dwarf-with-dsym";
				ENABLE_NS_ASSERTIONS = NO;
				ENABLE_STRICT_OBJC_MSGSEND = YES;
				GCC_C_LANGUAGE_STANDARD = gnu11;
				GCC_NO_COMMON_BLOCKS = YES;
				GCC_WARN_64_TO_32_BIT_CONVERSION = YES;
				GCC_WARN_ABOUT_RETURN_TYPE = YES_ERROR;
				GCC_WARN_UNDECLARED_SELECTOR = YES;
				GCC_WARN_UNINITIALIZED_AUTOS = YES_AGGRESSIVE;
				GCC_WARN_UNUSED_FUNCTION = YES;
				GCC_WARN_UNUSED_VARIABLE = YES;
				IPHONEOS_DEPLOYMENT_TARGET = 15.2;
				MTL_ENABLE_DEBUG_INFO = NO;
				MTL_FAST_MATH = YES;
				SDKROOT = iphoneos;
				SWIFT_COMPILATION_MODE = wholemodule;
				SWIFT_OPTIMIZATION_LEVEL = "-O";
				VALIDATE_PRODUCT = YES;
			};
			name = Release;
		};
		FA46CA6C2F3B21660008BF18 /* Debug */ = {
			isa = XCBuildConfiguration;
			buildSettings = {
				ASSETCATALOG_COMPILER_APPICON_NAME = AppIcon;
				ASSETCATALOG_COMPILER_GLOBAL_ACCENT_COLOR_NAME = AccentColor;
				CODE_SIGN_STYLE = Automatic;
				CURRENT_PROJECT_VERSION = 1;
				DEVELOPMENT_ASSET_PATHS = "\"TIC-TAC-TOE/Preview Content\"";
				ENABLE_PREVIEWS = YES;
				GENERATE_INFOPLIST_FILE = YES;
				INFOPLIST_KEY_UIApplicationSceneManifest_Generation = YES;
				INFOPLIST_KEY_UIApplicationSupportsIndirectInputEvents = YES;
				INFOPLIST_KEY_UILaunchScreen_Generation = YES;
				INFOPLIST_KEY_UISupportedInterfaceOrientations_iPad = "UIInterfaceOrientationPortrait UIInterfaceOrientationPortraitUpsideDown UIInterfaceOrientationLandscapeLeft UIInterfaceOrientationLandscapeRight";
				INFOPLIST_KEY_UISupportedInterfaceOrientations_iPhone = "UIInterfaceOrientationPortrait UIInterfaceOrientationLandscapeLeft UIInterfaceOrientationLandscapeRight";
				LD_RUNPATH_SEARCH_PATHS = (
					"$(inherited)",
					"@executable_path/Frameworks",
				);
				MARKETING_VERSION = 1.0;
				PRODUCT_BUNDLE_IDENTIFIER = "Roman.TIC-TAC-TOE";
				PRODUCT_NAME = "$(TARGET_NAME)";
				SWIFT_EMIT_LOC_STRINGS = YES;
				SWIFT_VERSION = 5.0;
				TARGETED_DEVICE_FAMILY = 1;
			};
			name = Debug;
		};
		FA46CA6D2F3B21660008BF18 /* Release */ = {
			isa = XCBuildConfiguration;
			buildSettings = {
				ASSETCATALOG_COMPILER_APPICON_NAME = AppIcon;
				ASSETCATALOG_COMPILER_GLOBAL_ACCENT_COLOR_NAME = AccentColor;
				CODE_SIGN_STYLE = Automatic;
				CURRENT_PROJECT_VERSION = 1;
				DEVELOPMENT_ASSET_PATHS = "\"TIC-TAC-TOE/Preview Content\"";
				ENABLE_PREVIEWS = YES;
				GENERATE_INFOPLIST_FILE = YES;
				INFOPLIST_KEY_UIApplicationSceneManifest_Generation = YES;
				INFOPLIST_KEY_UIApplicationSupportsIndirectInputEvents = YES;
				INFOPLIST_KEY_UILaunchScreen_Generation = YES;
				INFOPLIST_KEY_UISupportedInterfaceOrientations_iPad = "UIInterfaceOrientationPortrait UIInterfaceOrientationPortraitUpsideDown UIInterfaceOrientationLandscapeLeft UIInterfaceOrientationLandscapeRight";
				INFOPLIST_KEY_UISupportedInterfaceOrientations_iPhone = "UIInterfaceOrientationPortrait UIInterfaceOrientationLandscapeLeft UIInterfaceOrientationLandscapeRight";
				LD_RUNPATH_SEARCH_PATHS = (
					"$(inherited)",
					"@executable_path/Frameworks",
				);
				MARKETING_VERSION = 1.0;
				PRODUCT_BUNDLE_IDENTIFIER = "Roman.TIC-TAC-TOE";
				PRODUCT_NAME = "$(TARGET_NAME)";
				SWIFT_EMIT_LOC_STRINGS = YES;
				SWIFT_VERSION = 5.0;
				TARGETED_DEVICE_FAMILY = 1;
			};
			name = Release;
		};
/* End XCBuildConfiguration section */

/* Begin XCConfigurationList section */
		FA46CA582F3B21620008BF18 /* Build configuration list for PBXProject "TIC-TAC-TOE" */ = {
			isa = XCConfigurationList;
			buildConfigurations = (
				FA46CA692F3B21660008BF18 /* Debug */,
				FA46CA6A2F3B21660008BF18 /* Release */,
			);
			defaultConfigurationIsVisible = 0;
			defaultConfigurationName = Release;
		};
		FA46CA6B2F3B21660008BF18 /* Build configuration list for PBXNativeTarget "TIC-TAC-TOE" */ = {
			isa = XCConfigurationList;
			buildConfigurations = (
				FA46CA6C2F3B21660008BF18 /* Debug */,
				FA46CA6D2F3B21660008BF18 /* Release */,
			);
			defaultConfigurationIsVisible = 0;
			defaultConfigurationName = Release;
		};
/* End XCConfigurationList section */
	};
	rootObject = FA46CA552F3B21620008BF18 /* Project object */;
}
